{
  "name": "how-browsers-work",
  "version": "1.0.0",
  "lockfileVersion": 2,
  "requires": true,
  "packages": {
    "": {
      "name": "how-browsers-work",
      "version": "1.0.0",
      "license": "ISC",
      "devDependencies": {
        "@swc/core": "^1.3.27",
        "@swc/helpers": "^0.4.14",
        "@types/node": "^18.11.18",
        "regenerator-runtime": "^0.13.11"
      }
    },
    "node_modules/@swc/core": {
      "version": "1.3.27",
      "resolved": "https://registry.npmmirror.com/@swc/core/-/core-1.3.27.tgz",
      "integrity": "sha512-praRNgpeYGvwDIm/Cl6JU+yHMvwVraL0U6ejMgGyzvpcm1FVsZd1/EYXGqzbBJ0ALv7Gx4eK56h4GnwV6d4L0w==",
      "dev": true,
      "hasInstallScript": true,
      "engines": {
        "node": ">=10"
      },
      "optionalDependencies": {
        "@swc/core-darwin-arm64": "1.3.27",
        "@swc/core-darwin-x64": "1.3.27",
        "@swc/core-linux-arm-gnueabihf": "1.3.27",
        "@swc/core-linux-arm64-gnu": "1.3.27",
        "@swc/core-linux-arm64-musl": "1.3.27",
        "@swc/core-linux-x64-gnu": "1.3.27",
        "@swc/core-linux-x64-musl": "1.3.27",
        "@swc/core-win32-arm64-msvc": "1.3.27",
        "@swc/core-win32-ia32-msvc": "1.3.27",
        "@swc/core-win32-x64-msvc": "1.3.27"
      }
    },
    "node_modules/@swc/core-darwin-arm64": {
      "version": "1.3.27",
      "resolved": "https://registry.npmmirror.com/@swc/core-darwin-arm64/-/core-darwin-arm64-1.3.27.tgz",
      "integrity": "sha512-IKlxkhEy99CnP9nduaf5IJWIFcr6D5cZCjYmCs7nWkjMV+aAieyDO9AX4LT8AcHy6CF7ByOX7SKoqk+gVMAaKw==",
      "cpu": [
        "arm64"
      ],
      "dev": true,
      "optional": true,
      "os": [
        "darwin"
      ],
      "engines": {
        "node": ">=10"
      }
    },
    "node_modules/@swc/core-darwin-x64": {
      "version": "1.3.27",
      "resolved": "https://registry.npmmirror.com/@swc/core-darwin-x64/-/core-darwin-x64-1.3.27.tgz",
      "integrity": "sha512-MtabZIhFf/dL3vs6UMbd+vJsjIkm2NaFqulGV0Jofy2bfVZPTj/b5pXeOlUsTWy7JcH1uixjdx4RvJRyvqJxQA==",
      "cpu": [
        "x64"
      ],
      "dev": true,
      "optional": true,
      "os": [
        "darwin"
      ],
      "engines": {
        "node": ">=10"
      }
    },
    "node_modules/@swc/core-linux-arm-gnueabihf": {
      "version": "1.3.27",
      "resolved": "https://registry.npmmirror.com/@swc/core-linux-arm-gnueabihf/-/core-linux-arm-gnueabihf-1.3.27.tgz",
      "integrity": "sha512-XELMoGcUTAkk+G4buwIIhu6AIr1U418Odt22HUW8+ZvV+Wty2ICgR/myOIhM3xMb6U2L8ay+evMqoVNMQ0RRTg==",
      "cpu": [
        "arm"
      ],
      "dev": true,
      "optional": true,
      "os": [
        "linux"
      ],
      "engines": {
        "node": ">=10"
      }
    },
    "node_modules/@swc/core-linux-arm64-gnu": {
      "version": "1.3.27",
      "resolved": "https://registry.npmmirror.com/@swc/core-linux-arm64-gnu/-/core-linux-arm64-gnu-1.3.27.tgz",
      "integrity": "sha512-O6vtT6bnrVR9PzEIuA5U7tIfYo7bv97H9K9Vqy2oyHNeGN0H36DKwS4UqPreHtziXNF5+7ubdUYUkrG/j8UnUQ==",
      "cpu": [
        "arm64"
      ],
      "dev": true,
      "optional": true,
      "os": [
        "linux"
      ],
      "engines": {
        "node": ">=10"
      }
    },
    "node_modules/@swc/core-linux-arm64-musl": {
      "version": "1.3.27",
      "resolved": "https://registry.npmmirror.com/@swc/core-linux-arm64-musl/-/core-linux-arm64-musl-1.3.27.tgz",
      "integrity": "sha512-Oa0E1i7dOTWpaEZumKoNbTE/Ap+da6nlhqKVUdYrFDrOBi25tz76SdxZIyvAszzmgY89b5yd1naourKmkPXpww==",
      "cpu": [
        "arm64"
      ],
      "dev": true,
      "optional": true,
      "os": [
        "linux"
      ],
      "engines": {
        "node": ">=10"
      }
    },
    "node_modules/@swc/core-linux-x64-gnu": {
      "version": "1.3.27",
      "resolved": "https://registry.npmmirror.com/@swc/core-linux-x64-gnu/-/core-linux-x64-gnu-1.3.27.tgz",
      "integrity": "sha512-S3v9H8oL2a8Ur6AjQyhkC6HfBVPOxKMdBhcZmdNuVgEUHbHdbf/Lka85F9IOYXEarMn0FtQw3ywowS22O9L5Uw==",
      "cpu": [
        "x64"
      ],
      "dev": true,
      "optional": true,
      "os": [
        "linux"
      ],
      "engines": {
        "node": ">=10"
      }
    },
    "node_modules/@swc/core-linux-x64-musl": {
      "version": "1.3.27",
      "resolved": "https://registry.npmmirror.com/@swc/core-linux-x64-musl/-/core-linux-x64-musl-1.3.27.tgz",
      "integrity": "sha512-6DDkdXlOADpwICFZTRphCR+cIeS8aEYh4NlyzBito0mOWwIIdfCgALzhkTQOzTOkcD42bP97CIoZ97hqV/puOg==",
      "cpu": [
        "x64"
      ],
      "dev": true,
      "optional": true,
      "os": [
        "linux"
      ],
      "engines": {
        "node": ">=10"
      }
    },
    "node_modules/@swc/core-win32-arm64-msvc": {
      "version": "1.3.27",
      "resolved": "https://registry.npmmirror.com/@swc/core-win32-arm64-msvc/-/core-win32-arm64-msvc-1.3.27.tgz",
      "integrity": "sha512-baxfH4AbEcaTNo08wxV0W6hiMXwVCxPS4qc0amHpXPti92unvSqeDR1W3C9GjHqzXlWtmCRsq8Ww1pal6ZVLrw==",
      "cpu": [
        "arm64"
      ],
      "dev": true,
      "optional": true,
      "os": [
        "win32"
      ],
      "engines": {
        "node": ">=10"
      }
    },
    "node_modules/@swc/core-win32-ia32-msvc": {
      "version": "1.3.27",
      "resolved": "https://registry.npmmirror.com/@swc/core-win32-ia32-msvc/-/core-win32-ia32-msvc-1.3.27.tgz",
      "integrity": "sha512-7iLJnH71k5qCwxv9NcM/P7nIEzTsC7r1sIiQW6bu+CpC8qZvwl0PS+XvQRlLly2gCZM+Le98tksYG14MEh+Hrw==",
      "cpu": [
        "ia32"
      ],
      "dev": true,
      "optional": true,
      "os": [
        "win32"
      ],
      "engines": {
        "node": ">=10"
      }
    },
    "node_modules/@swc/core-win32-x64-msvc": {
      "version": "1.3.27",
      "resolved": "https://registry.npmmirror.com/@swc/core-win32-x64-msvc/-/core-win32-x64-msvc-1.3.27.tgz",
      "integrity": "sha512-mFM907PDw/jrQ44+TRjIVGEOy2Mu06mMMz0HPMFuRsBzl5t0Kajp3vmn8FkkpS9wH5982VPi6hPYVTb7QJo5Qg==",
      "cpu": [
        "x64"
      ],
      "dev": true,
      "optional": true,
      "os": [
        "win32"
      ],
      "engines": {
        "node": ">=10"
      }
    },
    "node_modules/@swc/helpers": {
      "version": "0.4.14",
      "resolved": "https://registry.npmmirror.com/@swc/helpers/-/helpers-0.4.14.tgz",
      "integrity": "sha512-4C7nX/dvpzB7za4Ql9K81xK3HPxCpHMgwTZVyf+9JQ6VUbn9jjZVN7/Nkdz/Ugzs2CSjqnL/UPXroiVBVHUWUw==",
      "dev": true,
      "dependencies": {
        "tslib": "^2.4.0"
      }
    },
    "node_modules/@types/node": {
      "version": "18.11.18",
      "resolved": "https://registry.npmmirror.com/@types/node/-/node-18.11.18.tgz",
      "integrity": "sha512-DHQpWGjyQKSHj3ebjFI/wRKcqQcdR+MoFBygntYOZytCqNfkd2ZC4ARDJ2DQqhjH5p85Nnd3jhUJIXrszFX/JA==",
      "dev": true
    },
    "node_modules/regenerator-runtime": {
      "version": "0.13.11",
      "resolved": "https://registry.npmmirror.com/regenerator-runtime/-/regenerator-runtime-0.13.11.tgz",
      "integrity": "sha512-kY1AZVr2Ra+t+piVaJ4gxaFaReZVH40AKNo7UCX6W+dEwBo/2oZJzqfuN1qLq1oL45o56cPaTXELwrTh8Fpggg==",
      "dev": true
    },
    "node_modules/tslib": {
      "version": "2.4.1",
      "resolved": "https://registry.npmmirror.com/tslib/-/tslib-2.4.1.tgz",
      "integrity": "sha512-tGyy4dAjRIEwI7BzsB0lynWgOpfqjUdq91XXAlIWD2OwKBH7oCl/GZG/HT4BOHrTlPMOASlMQ7veyTqpmRcrNA==",
      "dev": true
    }
  },
  "dependencies": {
    "@swc/core": {
      "version": "1.3.27",
      "resolved": "https://registry.npmmirror.com/@swc/core/-/core-1.3.27.tgz",
      "integrity": "sha512-praRNgpeYGvwDIm/Cl6JU+yHMvwVraL0U6ejMgGyzvpcm1FVsZd1/EYXGqzbBJ0ALv7Gx4eK56h4GnwV6d4L0w==",
      "dev": true,
      "requires": {
        "@swc/core-darwin-arm64": "1.3.27",
        "@swc/core-darwin-x64": "1.3.27",
        "@swc/core-linux-arm-gnueabihf": "1.3.27",
        "@swc/core-linux-arm64-gnu": "1.3.27",
        "@swc/core-linux-arm64-musl": "1.3.27",
        "@swc/core-linux-x64-gnu": "1.3.27",
        "@swc/core-linux-x64-musl": "1.3.27",
        "@swc/core-win32-arm64-msvc": "1.3.27",
        "@swc/core-win32-ia32-msvc": "1.3.27",
        "@swc/core-win32-x64-msvc": "1.3.27"
      }
    },
    "@swc/core-darwin-arm64": {
      "version": "1.3.27",
      "resolved": "https://registry.npmmirror.com/@swc/core-darwin-arm64/-/core-darwin-arm64-1.3.27.tgz",
      "integrity": "sha512-IKlxkhEy99CnP9nduaf5IJWIFcr6D5cZCjYmCs7nWkjMV+aAieyDO9AX4LT8AcHy6CF7ByOX7SKoqk+gVMAaKw==",
      "dev": true,
      "optional": true
    },
    "@swc/core-darwin-x64": {
      "version": "1.3.27",
      "resolved": "https://registry.npmmirror.com/@swc/core-darwin-x64/-/core-darwin-x64-1.3.27.tgz",
      "integrity": "sha512-MtabZIhFf/dL3vs6UMbd+vJsjIkm2NaFqulGV0Jofy2bfVZPTj/b5pXeOlUsTWy7JcH1uixjdx4RvJRyvqJxQA==",
      "dev": true,
      "optional": true
    },
    "@swc/core-linux-arm-gnueabihf": {
      "version": "1.3.27",
      "resolved": "https://registry.npmmirror.com/@swc/core-linux-arm-gnueabihf/-/core-linux-arm-gnueabihf-1.3.27.tgz",
      "integrity": "sha512-XELMoGcUTAkk+G4buwIIhu6AIr1U418Odt22HUW8+ZvV+Wty2ICgR/myOIhM3xMb6U2L8ay+evMqoVNMQ0RRTg==",
      "dev": true,
      "optional": true
    },
    "@swc/core-linux-arm64-gnu": {
      "version": "1.3.27",
      "resolved": "https://registry.npmmirror.com/@swc/core-linux-arm64-gnu/-/core-linux-arm64-gnu-1.3.27.tgz",
      "integrity": "sha512-O6vtT6bnrVR9PzEIuA5U7tIfYo7bv97H9K9Vqy2oyHNeGN0H36DKwS4UqPreHtziXNF5+7ubdUYUkrG/j8UnUQ==",
      "dev": true,
      "optional": true
    },
    "@swc/core-linux-arm64-musl": {
      "version": "1.3.27",
      "resolved": "https://registry.npmmirror.com/@swc/core-linux-arm64-musl/-/core-linux-arm64-musl-1.3.27.tgz",
      "integrity": "sha512-Oa0E1i7dOTWpaEZumKoNbTE/Ap+da6nlhqKVUdYrFDrOBi25tz76SdxZIyvAszzmgY89b5yd1naourKmkPXpww==",
      "dev": true,
      "optional": true
    },
    "@swc/core-linux-x64-gnu": {
      "version": "1.3.27",
      "resolved": "https://registry.npmmirror.com/@swc/core-linux-x64-gnu/-/core-linux-x64-gnu-1.3.27.tgz",
      "integrity": "sha512-S3v9H8oL2a8Ur6AjQyhkC6HfBVPOxKMdBhcZmdNuVgEUHbHdbf/Lka85F9IOYXEarMn0FtQw3ywowS22O9L5Uw==",
      "dev": true,
      "optional": true
    },
    "@swc/core-linux-x64-musl": {
      "version": "1.3.27",
      "resolved": "https://registry.npmmirror.com/@swc/core-linux-x64-musl/-/core-linux-x64-musl-1.3.27.tgz",
      "integrity": "sha512-6DDkdXlOADpwICFZTRphCR+cIeS8aEYh4NlyzBito0mOWwIIdfCgALzhkTQOzTOkcD42bP97CIoZ97hqV/puOg==",
      "dev": true,
      "optional": true
    },
    "@swc/core-win32-arm64-msvc": {
      "version": "1.3.27",
      "resolved": "https://registry.npmmirror.com/@swc/core-win32-arm64-msvc/-/core-win32-arm64-msvc-1.3.27.tgz",
      "integrity": "sha512-baxfH4AbEcaTNo08wxV0W6hiMXwVCxPS4qc0amHpXPti92unvSqeDR1W3C9GjHqzXlWtmCRsq8Ww1pal6ZVLrw==",
      "dev": true,
      "optional": true
    },
    "@swc/core-win32-ia32-msvc": {
      "version": "1.3.27",
      "resolved": "https://registry.npmmirror.com/@swc/core-win32-ia32-msvc/-/core-win32-ia32-msvc-1.3.27.tgz",
      "integrity": "sha512-7iLJnH71k5qCwxv9NcM/P7nIEzTsC7r1sIiQW6bu+CpC8qZvwl0PS+XvQRlLly2gCZM+Le98tksYG14MEh+Hrw==",
      "dev": true,
      "optional": true
    },
    "@swc/core-win32-x64-msvc": {
      "version": "1.3.27",
      "resolved": "https://registry.npmmirror.com/@swc/core-win32-x64-msvc/-/core-win32-x64-msvc-1.3.27.tgz",
      "integrity": "sha512-mFM907PDw/jrQ44+TRjIVGEOy2Mu06mMMz0HPMFuRsBzl5t0Kajp3vmn8FkkpS9wH5982VPi6hPYVTb7QJo5Qg==",
      "dev": true,
      "optional": true
    },
    "@swc/helpers": {
      "version": "0.4.14",
      "resolved": "https://registry.npmmirror.com/@swc/helpers/-/helpers-0.4.14.tgz",
      "integrity": "sha512-4C7nX/dvpzB7za4Ql9K81xK3HPxCpHMgwTZVyf+9JQ6VUbn9jjZVN7/Nkdz/Ugzs2CSjqnL/UPXroiVBVHUWUw==",
      "dev": true,
      "requires": {
        "tslib": "^2.4.0"
      }
    },
    "@types/node": {
      "version": "18.11.18",
      "resolved": "https://registry.npmmirror.com/@types/node/-/node-18.11.18.tgz",
      "integrity": "sha512-DHQpWGjyQKSHj3ebjFI/wRKcqQcdR+MoFBygntYOZytCqNfkd2ZC4ARDJ2DQqhjH5p85Nnd3jhUJIXrszFX/JA==",
      "dev": true
    },
    "regenerator-runtime": {
      "version": "0.13.11",
      "resolved": "https://registry.npmmirror.com/regenerator-runtime/-/regenerator-runtime-0.13.11.tgz",
      "integrity": "sha512-kY1AZVr2Ra+t+piVaJ4gxaFaReZVH40AKNo7UCX6W+dEwBo/2oZJzqfuN1qLq1oL45o56cPaTXELwrTh8Fpggg==",
      "dev": true
    },
    "tslib": {
      "version": "2.4.1",
      "resolved": "https://registry.npmmirror.com/tslib/-/tslib-2.4.1.tgz",
      "integrity": "sha512-tGyy4dAjRIEwI7BzsB0lynWgOpfqjUdq91XXAlIWD2OwKBH7oCl/GZG/HT4BOHrTlPMOASlMQ7veyTqpmRcrNA==",
      "dev": true
    }
  }
}
